
Microsoft Visual Studio Solution File, Format Version 12.00
Project("{FAE04EC0-301F-11D3-BF4B-00C04F79EFBC}") = "netcorek8s", "netcorek8s.csproj", "{A9546ACC-4315-42D6-9101-1A169186A528}"
EndProject
Global
	GlobalSection(SolutionConfigurationPlatforms) = preSolution
		Debug|Any CPU = Debug|Any CPU
		Release|Any CPU = Release|Any CPU
	EndGlobalSection
	GlobalSection(ProjectConfigurationPlatforms) = postSolution
		{A9546ACC-4315-42D6-9101-1A169186A528}.Debug|Any CPU.ActiveCfg = Debug|Any CPU
		{A9546ACC-4315-42D6-9101-1A169186A528}.Debug|Any CPU.Build.0 = Debug|Any CPU
		{A9546ACC-4315-42D6-9101-1A169186A528}.Release|Any CPU.ActiveCfg = Release|Any CPU
		{A9546ACC-4315-42D6-9101-1A169186A528}.Release|Any CPU.Build.0 = Release|Any CPU
	EndGlobalSection
EndGlobal
